
Microsoft Visual Studio Solution File, Format Version 12.00
# Visual Studio 15
VisualStudioVersion = 15.0.28010.2036
MinimumVisualStudioVersion = 10.0.40219.1
Project("{9A19103F-16F7-4668-BE54-9A1E7A4F7556}") = "EC2ScheduleAgent", "EC2ScheduleAgent\EC2ScheduleAgent.csproj", "{49A776F7-E2EA-4B9C-94C2-838EFF5D7414}"
EndProject
Project("{9A19103F-16F7-4668-BE54-9A1E7A4F7556}") = "EC2ScheduleAgent.Tests", "EC2ScheduleAgent.Tests\EC2ScheduleAgent.Tests.csproj", "{A162C085-9AD8-4C3D-9651-703E6226261C}"
EndProject
Global
	GlobalSection(SolutionConfigurationPlatforms) = preSolution
		Debug|Any CPU = Debug|Any CPU
		Release|Any CPU = Release|Any CPU
	EndGlobalSection
	GlobalSection(ProjectConfigurationPlatforms) = postSolution
		{49A776F7-E2EA-4B9C-94C2-838EFF5D7414}.Debug|Any CPU.ActiveCfg = Debug|Any CPU
		{49A776F7-E2EA-4B9C-94C2-838EFF5D7414}.Debug|Any CPU.Build.0 = Debug|Any CPU
		{49A776F7-E2EA-4B9C-94C2-838EFF5D7414}.Release|Any CPU.ActiveCfg = Release|Any CPU
		{49A776F7-E2EA-4B9C-94C2-838EFF5D7414}.Release|Any CPU.Build.0 = Release|Any CPU
		{A162C085-9AD8-4C3D-9651-703E6226261C}.Debug|Any CPU.ActiveCfg = Debug|Any CPU
		{A162C085-9AD8-4C3D-9651-703E6226261C}.Debug|Any CPU.Build.0 = Debug|Any CPU
		{A162C085-9AD8-4C3D-9651-703E6226261C}.Release|Any CPU.ActiveCfg = Release|Any CPU
		{A162C085-9AD8-4C3D-9651-703E6226261C}.Release|Any CPU.Build.0 = Release|Any CPU
	EndGlobalSection
	GlobalSection(SolutionProperties) = preSolution
		HideSolutionNode = FALSE
	EndGlobalSection
	GlobalSection(ExtensibilityGlobals) = postSolution
		SolutionGuid = {ED768536-8FB5-4F56-8D5B-BFC99AD459CE}
	EndGlobalSection
	GlobalSection(TeamFoundationVersionControl) = preSolution
		SccNumberOfProjects = 3
		SccEnterpriseProvider = {4CA58AB2-18FA-4F8D-95D4-32DDF27D184C}
		SccTeamFoundationServer = https://ravensquest.visualstudio.com/
		SccLocalPath0 = .
		SccProjectUniqueName1 = EC2ScheduleAgent\\EC2ScheduleAgent.csproj
		SccProjectName1 = EC2ScheduleAgent
		SccLocalPath1 = EC2ScheduleAgent
		SccProjectUniqueName2 = EC2ScheduleAgent.Tests\\EC2ScheduleAgent.Tests.csproj
		SccProjectName2 = EC2ScheduleAgent.Tests
		SccLocalPath2 = EC2ScheduleAgent.Tests
	EndGlobalSection
EndGlobal
