
Microsoft Visual Studio Solution File, Format Version 12.00
# Visual Studio 15
VisualStudioVersion = 15.0.28010.2036
MinimumVisualStudioVersion = 10.0.40219.1
Project("{9A19103F-16F7-4668-BE54-9A1E7A4F7556}") = "EC2ScheduleAgent", "EC2ScheduleAgent\EC2ScheduleAgent.csproj", "{49A776F7-E2EA-4B9C-94C2-838EFF5D7414}"
EndProject
Project("{9A19103F-16F7-4668-BE54-9A1E7A4F7556}") = "EC2ScheduleAgent.Tests", "EC2ScheduleAgent.Tests\EC2ScheduleAgent.Tests.csproj", "{A162C085-9AD8-4C3D-9651-703E6226261C}"
EndProject
Project("{2150E333-8FDC-42A3-9474-1A3956D46DE8}") = "Solution Items", "Solution Items", "{76C4DD06-8080-44D3-A3E8-45AFB78C5727}"
	ProjectSection(SolutionItems) = preProject
		README.md = README.md
	EndProjectSection
EndProject
Global
	GlobalSection(SolutionConfigurationPlatforms) = preSolution
		Debug|Any CPU = Debug|Any CPU
		Release|Any CPU = Release|Any CPU
	EndGlobalSection
	GlobalSection(ProjectConfigurationPlatforms) = postSolution
		{49A776F7-E2EA-4B9C-94C2-838EFF5D7414}.Debug|Any CPU.ActiveCfg = Debug|Any CPU
		{49A776F7-E2EA-4B9C-94C2-838EFF5D7414}.Debug|Any CPU.Build.0 = Debug|Any CPU
		{49A776F7-E2EA-4B9C-94C2-838EFF5D7414}.Release|Any CPU.ActiveCfg = Release|Any CPU
		{49A776F7-E2EA-4B9C-94C2-838EFF5D7414}.Release|Any CPU.Build.0 = Release|Any CPU
		{A162C085-9AD8-4C3D-9651-703E6226261C}.Debug|Any CPU.ActiveCfg = Debug|Any CPU
		{A162C085-9AD8-4C3D-9651-703E6226261C}.Debug|Any CPU.Build.0 = Debug|Any CPU
		{A162C085-9AD8-4C3D-9651-703E6226261C}.Release|Any CPU.ActiveCfg = Release|Any CPU
		{A162C085-9AD8-4C3D-9651-703E6226261C}.Release|Any CPU.Build.0 = Release|Any CPU
	EndGlobalSection
	GlobalSection(SolutionProperties) = preSolution
		HideSolutionNode = FALSE
	EndGlobalSection
	GlobalSection(ExtensibilityGlobals) = postSolution
		SolutionGuid = {ED768536-8FB5-4F56-8D5B-BFC99AD459CE}
	EndGlobalSection
EndGlobal
